// !$*UTF8*$!
{
	archiveVersion = 1;
	classes = {
	};
	objectVersion = 48;
	objects = {

/* Begin PBXBuildFile section */
		2E0F68F720220CFE0071273D /* Runner.cpp in Sources */ = {isa = PBXBuildFile; fileRef = 2E0F68F620220CFE0071273D /* Runner.cpp */; };
		2E0F68FC20220D7A0071273D /* Controller.cpp in Sources */ = {isa = PBXBuildFile; fileRef = 2E0F68FA20220D7A0071273D /* Controller.cpp */; };
		2E0F690020220F260071273D /* Timer.cpp in Sources */ = {isa = PBXBuildFile; fileRef = 2E0F68FE20220F260071273D /* Timer.cpp */; };
		2E0F690320221CEA0071273D /* FileController.cpp in Sources */ = {isa = PBXBuildFile; fileRef = 2E0F690120221CEA0071273D /* FileController.cpp */; };
		2E325450205AB3F500D24EB2 /* SortingTester.cpp in Sources */ = {isa = PBXBuildFile; fileRef = 2E32544E205AB3F500D24EB2 /* SortingTester.cpp */; };
		2E57A6F5202A00BE00C21A49 /* ArrayTester.cpp in Sources */ = {isa = PBXBuildFile; fileRef = 2E57A6F3202A00BE00C21A49 /* ArrayTester.cpp */; };
		2E747B36204D90660061EDA6 /* RecursionTester.cpp in Sources */ = {isa = PBXBuildFile; fileRef = 2E747B34204D90660061EDA6 /* RecursionTester.cpp */; };
		2E747B38204DAD7A0061EDA6 /* Controller.cp in Sources */ = {isa = PBXBuildFile; fileRef = 2E747B37204DAD7A0061EDA6 /* Controller.cp */; };
		2E8DB45D206002EF00F9F22A /* Graph.cpp in Sources */ = {isa = PBXBuildFile; fileRef = 2E8DB45B206002EF00F9F22A /* Graph.cpp */; };
		2ED9464F206544F500FAAC20 /* GraphTester.cpp in Sources */ = {isa = PBXBuildFile; fileRef = 2ED9464D206544F500FAAC20 /* GraphTester.cpp */; };
		2EDD0E5A2024BD0100FE26AF /* CrimeData.cpp in Sources */ = {isa = PBXBuildFile; fileRef = 2EDD0E572024BD0000FE26AF /* CrimeData.cpp */; };
/* End PBXBuildFile section */

/* Begin PBXCopyFilesBuildPhase section */
		2E0F68E420220B690071273D /* CopyFiles */ = {
			isa = PBXCopyFilesBuildPhase;
			buildActionMask = 2147483647;
			dstPath = /usr/share/man/man1/;
			dstSubfolderSpec = 0;
			files = (
			);
			runOnlyForDeploymentPostprocessing = 1;
		};
/* End PBXCopyFilesBuildPhase section */

/* Begin PBXFileReference section */
		2E0F68E620220B690071273D /* DataStructures */ = {isa = PBXFileReference; explicitFileType = "compiled.mach-o.executable"; includeInIndex = 0; path = DataStructures; sourceTree = BUILT_PRODUCTS_DIR; };
		2E0F68F620220CFE0071273D /* Runner.cpp */ = {isa = PBXFileReference; lastKnownFileType = sourcecode.cpp.cpp; path = Runner.cpp; sourceTree = "<group>"; };
		2E0F68FA20220D7A0071273D /* Controller.cpp */ = {isa = PBXFileReference; lastKnownFileType = sourcecode.cpp.cpp; path = Controller.cpp; sourceTree = "<group>"; };
		2E0F68FB20220D7A0071273D /* Controller.hpp */ = {isa = PBXFileReference; lastKnownFileType = sourcecode.cpp.h; path = Controller.hpp; sourceTree = "<group>"; };
		2E0F68FE20220F260071273D /* Timer.cpp */ = {isa = PBXFileReference; lastKnownFileType = sourcecode.cpp.cpp; path = Timer.cpp; sourceTree = "<group>"; };
		2E0F68FF20220F260071273D /* Timer.hpp */ = {isa = PBXFileReference; lastKnownFileType = sourcecode.cpp.h; path = Timer.hpp; sourceTree = "<group>"; };
		2E0F690120221CEA0071273D /* FileController.cpp */ = {isa = PBXFileReference; lastKnownFileType = sourcecode.cpp.cpp; path = FileController.cpp; sourceTree = "<group>"; };
		2E0F690220221CEA0071273D /* FileController.hpp */ = {isa = PBXFileReference; lastKnownFileType = sourcecode.cpp.h; path = FileController.hpp; sourceTree = "<group>"; };
		2E32544E205AB3F500D24EB2 /* SortingTester.cpp */ = {isa = PBXFileReference; lastKnownFileType = sourcecode.cpp.cpp; path = SortingTester.cpp; sourceTree = "<group>"; };
		2E32544F205AB3F500D24EB2 /* SortingTester.hpp */ = {isa = PBXFileReference; lastKnownFileType = sourcecode.cpp.h; path = SortingTester.hpp; sourceTree = "<group>"; };
		2E57A6F3202A00BE00C21A49 /* ArrayTester.cpp */ = {isa = PBXFileReference; lastKnownFileType = sourcecode.cpp.cpp; path = ArrayTester.cpp; sourceTree = "<group>"; };
		2E57A6F4202A00BE00C21A49 /* ArrayTester.hpp */ = {isa = PBXFileReference; lastKnownFileType = sourcecode.cpp.h; path = ArrayTester.hpp; sourceTree = "<group>"; };
		2E57A6F8202A10CD00C21A49 /* Node.hpp */ = {isa = PBXFileReference; lastKnownFileType = sourcecode.cpp.h; path = Node.hpp; sourceTree = "<group>"; };
		2E6CD258203C79DF005CBE71 /* LinkedList.hpp */ = {isa = PBXFileReference; lastKnownFileType = sourcecode.cpp.h; path = LinkedList.hpp; sourceTree = "<group>"; };
		2E6CD25B203C7A64005CBE71 /* List.hpp */ = {isa = PBXFileReference; lastKnownFileType = sourcecode.cpp.h; path = List.hpp; sourceTree = "<group>"; };
		2E6CD25E203C7CA2005CBE71 /* LinearNode.hpp */ = {isa = PBXFileReference; lastKnownFileType = sourcecode.cpp.h; path = LinearNode.hpp; sourceTree = "<group>"; };
		2E747B34204D90660061EDA6 /* RecursionTester.cpp */ = {isa = PBXFileReference; lastKnownFileType = sourcecode.cpp.cpp; path = RecursionTester.cpp; sourceTree = "<group>"; };
		2E747B35204D90660061EDA6 /* RecursionTester.hpp */ = {isa = PBXFileReference; lastKnownFileType = sourcecode.cpp.h; path = RecursionTester.hpp; sourceTree = "<group>"; };
		2E747B37204DAD7A0061EDA6 /* Controller.cp */ = {isa = PBXFileReference; fileEncoding = 4; lastKnownFileType = sourcecode.cpp.cpp; path = Controller.cp; sourceTree = "<group>"; };
		2E8DB45B206002EF00F9F22A /* Graph.cpp */ = {isa = PBXFileReference; lastKnownFileType = sourcecode.cpp.cpp; path = Graph.cpp; sourceTree = "<group>"; };
		2E8DB45C206002EF00F9F22A /* Graph.hpp */ = {isa = PBXFileReference; lastKnownFileType = sourcecode.cpp.h; path = Graph.hpp; sourceTree = "<group>"; };
		2EACCA7720445E22002159AF /* Stack.hpp */ = {isa = PBXFileReference; lastKnownFileType = sourcecode.cpp.h; path = Stack.hpp; sourceTree = "<group>"; };
		2EACCA7A20445E32002159AF /* Queue.hpp */ = {isa = PBXFileReference; lastKnownFileType = sourcecode.cpp.h; path = Queue.hpp; sourceTree = "<group>"; };
		2EACCA7D204463DE002159AF /* DoubleNode.hpp */ = {isa = PBXFileReference; lastKnownFileType = sourcecode.cpp.h; path = DoubleNode.hpp; sourceTree = "<group>"; };
		2EACCA8020446F17002159AF /* CircularList.hpp */ = {isa = PBXFileReference; lastKnownFileType = sourcecode.cpp.h; path = CircularList.hpp; sourceTree = "<group>"; };
		2ED9464D206544F500FAAC20 /* GraphTester.cpp */ = {isa = PBXFileReference; lastKnownFileType = sourcecode.cpp.cpp; path = GraphTester.cpp; sourceTree = "<group>"; };
		2ED9464E206544F500FAAC20 /* GraphTester.hpp */ = {isa = PBXFileReference; lastKnownFileType = sourcecode.cpp.h; path = GraphTester.hpp; sourceTree = "<group>"; };
		2EDD0E572024BD0000FE26AF /* CrimeData.cpp */ = {isa = PBXFileReference; fileEncoding = 4; lastKnownFileType = sourcecode.cpp.cpp; path = CrimeData.cpp; sourceTree = "<group>"; };
		2EDD0E582024BD0000FE26AF /* crime.csv */ = {isa = PBXFileReference; fileEncoding = 4; lastKnownFileType = text; path = crime.csv; sourceTree = "<group>"; };
		2EDD0E592024BD0000FE26AF /* CrimeData.hpp */ = {isa = PBXFileReference; fileEncoding = 4; lastKnownFileType = sourcecode.cpp.h; path = CrimeData.hpp; sourceTree = "<group>"; };
		2EDD0E5D2024C1B200FE26AF /* Array.hpp */ = {isa = PBXFileReference; lastKnownFileType = sourcecode.cpp.h; path = Array.hpp; sourceTree = "<group>"; };
/* End PBXFileReference section */

/* Begin PBXFrameworksBuildPhase section */
		2E0F68E320220B690071273D /* Frameworks */ = {
			isa = PBXFrameworksBuildPhase;
			buildActionMask = 2147483647;
			files = (
			);
			runOnlyForDeploymentPostprocessing = 0;
		};
/* End PBXFrameworksBuildPhase section */

/* Begin PBXGroup section */
		2E0F68DD20220B690071273D = {
			isa = PBXGroup;
			children = (
				2E0F68F420220CDB0071273D /* Testing */,
				2E0F68E820220B690071273D /* DataStructures */,
				2E0F68E720220B690071273D /* Products */,
			);
			sourceTree = "<group>";
		};
		2E0F68E720220B690071273D /* Products */ = {
			isa = PBXGroup;
			children = (
				2E0F68E620220B690071273D /* DataStructures */,
			);
			name = Products;
			sourceTree = "<group>";
		};
		2E0F68E820220B690071273D /* DataStructures */ = {
			isa = PBXGroup;
			children = (
				2E57A6F2202A008500C21A49 /* Testers */,
				2E0F68F120220C8B0071273D /* Data */,
				2E0F68F520220CE90071273D /* Model */,
				2E0F68F320220C990071273D /* Controller */,
				2E0F68F220220C910071273D /* Diagrams */,
				2E0F68F620220CFE0071273D /* Runner.cpp */,
			);
			path = DataStructures;
			sourceTree = "<group>";
		};
		2E0F68F120220C8B0071273D /* Data */ = {
			isa = PBXGroup;
			children = (
				2EDD0E582024BD0000FE26AF /* crime.csv */,
				2EDD0E572024BD0000FE26AF /* CrimeData.cpp */,
				2EDD0E592024BD0000FE26AF /* CrimeData.hpp */,
			);
			path = Data;
			sourceTree = "<group>";
		};
		2E0F68F220220C910071273D /* Diagrams */ = {
			isa = PBXGroup;
			children = (
			);
			path = Diagrams;
			sourceTree = "<group>";
		};
		2E0F68F320220C990071273D /* Controller */ = {
			isa = PBXGroup;
			children = (
				2E0F68FD20220ED80071273D /* Tools */,
				2E0F68FA20220D7A0071273D /* Controller.cpp */,
				2E747B37204DAD7A0061EDA6 /* Controller.cp */,
				2E0F68FB20220D7A0071273D /* Controller.hpp */,
				2E0F690120221CEA0071273D /* FileController.cpp */,
				2E0F690220221CEA0071273D /* FileController.hpp */,
			);
			path = Controller;
			sourceTree = "<group>";
		};
		2E0F68F420220CDB0071273D /* Testing */ = {
			isa = PBXGroup;
			children = (
			);
			path = Testing;
			sourceTree = "<group>";
		};
		2E0F68F520220CE90071273D /* Model */ = {
			isa = PBXGroup;
			children = (
				2E57A6F6202A10B500C21A49 /* Nodes */,
				2EDD0E5B2024C19400FE26AF /* Structures */,
			);
			path = Model;
			sourceTree = "<group>";
		};
		2E0F68FD20220ED80071273D /* Tools */ = {
			isa = PBXGroup;
			children = (
				2E0F68FE20220F260071273D /* Timer.cpp */,
				2E0F68FF20220F260071273D /* Timer.hpp */,
			);
			path = Tools;
			sourceTree = "<group>";
		};
		2E57A6F2202A008500C21A49 /* Testers */ = {
			isa = PBXGroup;
			children = (
				2E57A6F3202A00BE00C21A49 /* ArrayTester.cpp */,
				2E57A6F4202A00BE00C21A49 /* ArrayTester.hpp */,
				2E747B34204D90660061EDA6 /* RecursionTester.cpp */,
				2E747B35204D90660061EDA6 /* RecursionTester.hpp */,
				2E32544E205AB3F500D24EB2 /* SortingTester.cpp */,
				2E32544F205AB3F500D24EB2 /* SortingTester.hpp */,
				2ED9464D206544F500FAAC20 /* GraphTester.cpp */,
				2ED9464E206544F500FAAC20 /* GraphTester.hpp */,
			);
			path = Testers;
			sourceTree = "<group>";
		};
		2E57A6F6202A10B500C21A49 /* Nodes */ = {
			isa = PBXGroup;
			children = (
				2E57A6F8202A10CD00C21A49 /* Node.hpp */,
				2E6CD25E203C7CA2005CBE71 /* LinearNode.hpp */,
				2EACCA7D204463DE002159AF /* DoubleNode.hpp */,
				2EACCA8020446F17002159AF /* CircularList.hpp */,
			);
			path = Nodes;
			sourceTree = "<group>";
		};
		2E6CD256203C79C2005CBE71 /* Linear */ = {
			isa = PBXGroup;
			children = (
				2E6CD258203C79DF005CBE71 /* LinkedList.hpp */,
				2E6CD25B203C7A64005CBE71 /* List.hpp */,
				2EACCA7720445E22002159AF /* Stack.hpp */,
				2EACCA7A20445E32002159AF /* Queue.hpp */,
			);
			path = Linear;
			sourceTree = "<group>";
		};
		2E8DB45A206002D000F9F22A /* NonLinear */ = {
			isa = PBXGroup;
			children = (
				2E8DB45B206002EF00F9F22A /* Graph.cpp */,
				2E8DB45C206002EF00F9F22A /* Graph.hpp */,
			);
			path = NonLinear;
			sourceTree = "<group>";
		};
		2EDD0E5B2024C19400FE26AF /* Structures */ = {
			isa = PBXGroup;
			children = (
				2E8DB45A206002D000F9F22A /* NonLinear */,
				2E6CD256203C79C2005CBE71 /* Linear */,
				2EDD0E5D2024C1B200FE26AF /* Array.hpp */,
			);
			path = Structures;
			sourceTree = "<group>";
		};
/* End PBXGroup section */

/* Begin PBXNativeTarget section */
		2E0F68E520220B690071273D /* DataStructures */ = {
			isa = PBXNativeTarget;
			buildConfigurationList = 2E0F68ED20220B690071273D /* Build configuration list for PBXNativeTarget "DataStructures" */;
			buildPhases = (
				2E0F68E220220B690071273D /* Sources */,
				2E0F68E320220B690071273D /* Frameworks */,
				2E0F68E420220B690071273D /* CopyFiles */,
			);
			buildRules = (
			);
			dependencies = (
			);
			name = DataStructures;
			productName = DataStructures;
			productReference = 2E0F68E620220B690071273D /* DataStructures */;
			productType = "com.apple.product-type.tool";
		};
/* End PBXNativeTarget section */

/* Begin PBXProject section */
		2E0F68DE20220B690071273D /* Project object */ = {
			isa = PBXProject;
			attributes = {
				LastUpgradeCheck = 0900;
				ORGANIZATIONNAME = "Childers, Mason";
				TargetAttributes = {
					2E0F68E520220B690071273D = {
						CreatedOnToolsVersion = 9.0;
						ProvisioningStyle = Automatic;
					};
				};
			};
			buildConfigurationList = 2E0F68E120220B690071273D /* Build configuration list for PBXProject "DataStructures" */;
			compatibilityVersion = "Xcode 8.0";
			developmentRegion = en;
			hasScannedForEncodings = 0;
			knownRegions = (
				en,
			);
			mainGroup = 2E0F68DD20220B690071273D;
			productRefGroup = 2E0F68E720220B690071273D /* Products */;
			projectDirPath = "";
			projectRoot = "";
			targets = (
				2E0F68E520220B690071273D /* DataStructures */,
			);
		};
/* End PBXProject section */

/* Begin PBXSourcesBuildPhase section */
		2E0F68E220220B690071273D /* Sources */ = {
			isa = PBXSourcesBuildPhase;
			buildActionMask = 2147483647;
			files = (
				2E0F690020220F260071273D /* Timer.cpp in Sources */,
				2EDD0E5A2024BD0100FE26AF /* CrimeData.cpp in Sources */,
				2E747B38204DAD7A0061EDA6 /* Controller.cp in Sources */,
				2E325450205AB3F500D24EB2 /* SortingTester.cpp in Sources */,
				2E8DB45D206002EF00F9F22A /* Graph.cpp in Sources */,
				2ED9464F206544F500FAAC20 /* GraphTester.cpp in Sources */,
				2E0F68F720220CFE0071273D /* Runner.cpp in Sources */,
				2E0F68FC20220D7A0071273D /* Controller.cpp in Sources */,
				2E57A6F5202A00BE00C21A49 /* ArrayTester.cpp in Sources */,
				2E0F690320221CEA0071273D /* FileController.cpp in Sources */,
				2E747B36204D90660061EDA6 /* RecursionTester.cpp in Sources */,
			);
			runOnlyForDeploymentPostprocessing = 0;
		};
/* End PBXSourcesBuildPhase section */

/* Begin XCBuildConfiguration section */
		2E0F68EB20220B690071273D /* Debug */ = {
			isa = XCBuildConfiguration;
			buildSettings = {
				ALWAYS_SEARCH_USER_PATHS = NO;
				CLANG_ANALYZER_NONNULL = YES;
				CLANG_ANALYZER_NUMBER_OBJECT_CONVERSION = YES_AGGRESSIVE;
				CLANG_CXX_LANGUAGE_STANDARD = "gnu++14";
				CLANG_CXX_LIBRARY = "libc++";
				CLANG_ENABLE_MODULES = YES;
				CLANG_ENABLE_OBJC_ARC = YES;
				CLANG_WARN_BLOCK_CAPTURE_AUTORELEASING = YES;
				CLANG_WARN_BOOL_CONVERSION = YES;
				CLANG_WARN_COMMA = YES;
				CLANG_WARN_CONSTANT_CONVERSION = YES;
				CLANG_WARN_DIRECT_OBJC_ISA_USAGE = YES_ERROR;
				CLANG_WARN_DOCUMENTATION_COMMENTS = YES;
				CLANG_WARN_EMPTY_BODY = YES;
				CLANG_WARN_ENUM_CONVERSION = YES;
				CLANG_WARN_INFINITE_RECURSION = YES;
				CLANG_WARN_INT_CONVERSION = YES;
				CLANG_WARN_NON_LITERAL_NULL_CONVERSION = YES;
				CLANG_WARN_OBJC_LITERAL_CONVERSION = YES;
				CLANG_WARN_OBJC_ROOT_CLASS = YES_ERROR;
				CLANG_WARN_RANGE_LOOP_ANALYSIS = YES;
				CLANG_WARN_STRICT_PROTOTYPES = YES;
				CLANG_WARN_SUSPICIOUS_MOVE = YES;
				CLANG_WARN_UNGUARDED_AVAILABILITY = YES_AGGRESSIVE;
				CLANG_WARN_UNREACHABLE_CODE = YES;
				CLANG_WARN__DUPLICATE_METHOD_MATCH = YES;
				CODE_SIGN_IDENTITY = "-";
				COPY_PHASE_STRIP = NO;
				DEBUG_INFORMATION_FORMAT = dwarf;
				ENABLE_STRICT_OBJC_MSGSEND = YES;
				ENABLE_TESTABILITY = YES;
				GCC_C_LANGUAGE_STANDARD = gnu11;
				GCC_DYNAMIC_NO_PIC = NO;
				GCC_NO_COMMON_BLOCKS = YES;
				GCC_OPTIMIZATION_LEVEL = 0;
				GCC_PREPROCESSOR_DEFINITIONS = (
					"DEBUG=1",
					"$(inherited)",
				);
				GCC_WARN_64_TO_32_BIT_CONVERSION = YES;
				GCC_WARN_ABOUT_RETURN_TYPE = YES_ERROR;
				GCC_WARN_UNDECLARED_SELECTOR = YES;
				GCC_WARN_UNINITIALIZED_AUTOS = YES_AGGRESSIVE;
				GCC_WARN_UNUSED_FUNCTION = YES;
				GCC_WARN_UNUSED_VARIABLE = YES;
				MACOSX_DEPLOYMENT_TARGET = 10.12;
				MTL_ENABLE_DEBUG_INFO = YES;
				ONLY_ACTIVE_ARCH = YES;
				SDKROOT = macosx;
			};
			name = Debug;
		};
		2E0F68EC20220B690071273D /* Release */ = {
			isa = XCBuildConfiguration;
			buildSettings = {
				ALWAYS_SEARCH_USER_PATHS = NO;
				CLANG_ANALYZER_NONNULL = YES;
				CLANG_ANALYZER_NUMBER_OBJECT_CONVERSION = YES_AGGRESSIVE;
				CLANG_CXX_LANGUAGE_STANDARD = "gnu++14";
				CLANG_CXX_LIBRARY = "libc++";
				CLANG_ENABLE_MODULES = YES;
				CLANG_ENABLE_OBJC_ARC = YES;
				CLANG_WARN_BLOCK_CAPTURE_AUTORELEASING = YES;
				CLANG_WARN_BOOL_CONVERSION = YES;
				CLANG_WARN_COMMA = YES;
				CLANG_WARN_CONSTANT_CONVERSION = YES;
				CLANG_WARN_DIRECT_OBJC_ISA_USAGE = YES_ERROR;
				CLANG_WARN_DOCUMENTATION_COMMENTS = YES;
				CLANG_WARN_EMPTY_BODY = YES;
				CLANG_WARN_ENUM_CONVERSION = YES;
				CLANG_WARN_INFINITE_RECURSION = YES;
				CLANG_WARN_INT_CONVERSION = YES;
				CLANG_WARN_NON_LITERAL_NULL_CONVERSION = YES;
				CLANG_WARN_OBJC_LITERAL_CONVERSION = YES;
				CLANG_WARN_OBJC_ROOT_CLASS = YES_ERROR;
				CLANG_WARN_RANGE_LOOP_ANALYSIS = YES;
				CLANG_WARN_STRICT_PROTOTYPES = YES;
				CLANG_WARN_SUSPICIOUS_MOVE = YES;
				CLANG_WARN_UNGUARDED_AVAILABILITY = YES_AGGRESSIVE;
				CLANG_WARN_UNREACHABLE_CODE = YES;
				CLANG_WARN__DUPLICATE_METHOD_MATCH = YES;
				CODE_SIGN_IDENTITY = "-";
				COPY_PHASE_STRIP = NO;
				DEBUG_INFORMATION_FORMAT = "dwarf-with-dsym";
				ENABLE_NS_ASSERTIONS = NO;
				ENABLE_STRICT_OBJC_MSGSEND = YES;
				GCC_C_LANGUAGE_STANDARD = gnu11;
				GCC_NO_COMMON_BLOCKS = YES;
				GCC_WARN_64_TO_32_BIT_CONVERSION = YES;
				GCC_WARN_ABOUT_RETURN_TYPE = YES_ERROR;
				GCC_WARN_UNDECLARED_SELECTOR = YES;
				GCC_WARN_UNINITIALIZED_AUTOS = YES_AGGRESSIVE;
				GCC_WARN_UNUSED_FUNCTION = YES;
				GCC_WARN_UNUSED_VARIABLE = YES;
				MACOSX_DEPLOYMENT_TARGET = 10.12;
				MTL_ENABLE_DEBUG_INFO = NO;
				SDKROOT = macosx;
			};
			name = Release;
		};
		2E0F68EE20220B690071273D /* Debug */ = {
			isa = XCBuildConfiguration;
			buildSettings = {
				CODE_SIGN_STYLE = Automatic;
				PRODUCT_NAME = "$(TARGET_NAME)";
			};
			name = Debug;
		};
		2E0F68EF20220B690071273D /* Release */ = {
			isa = XCBuildConfiguration;
			buildSettings = {
				CODE_SIGN_STYLE = Automatic;
				PRODUCT_NAME = "$(TARGET_NAME)";
			};
			name = Release;
		};
/* End XCBuildConfiguration section */

/* Begin XCConfigurationList section */
		2E0F68E120220B690071273D /* Build configuration list for PBXProject "DataStructures" */ = {
			isa = XCConfigurationList;
			buildConfigurations = (
				2E0F68EB20220B690071273D /* Debug */,
				2E0F68EC20220B690071273D /* Release */,
			);
			defaultConfigurationIsVisible = 0;
			defaultConfigurationName = Release;
		};
		2E0F68ED20220B690071273D /* Build configuration list for PBXNativeTarget "DataStructures" */ = {
			isa = XCConfigurationList;
			buildConfigurations = (
				2E0F68EE20220B690071273D /* Debug */,
				2E0F68EF20220B690071273D /* Release */,
			);
			defaultConfigurationIsVisible = 0;
			defaultConfigurationName = Release;
		};
/* End XCConfigurationList section */
	};
	rootObject = 2E0F68DE20220B690071273D /* Project object */;
}
